
Microsoft Visual Studio Solution File, Format Version 12.00
# Visual Studio Version 16
VisualStudioVersion = 16.0.30523.141
MinimumVisualStudioVersion = 10.0.40219.1
Project("{FAE04EC0-301F-11D3-BF4B-00C04F79EFBC}") = "Interface3", "Interface3\Interface3.csproj", "{119791D9-1871-42E8-90F1-419D445013D2}"
EndProject
Global
	GlobalSection(SolutionConfigurationPlatforms) = preSolution
		Debug|Any CPU = Debug|Any CPU
		Release|Any CPU = Release|Any CPU
	EndGlobalSection
	GlobalSection(ProjectConfigurationPlatforms) = postSolution
		{119791D9-1871-42E8-90F1-419D445013D2}.Debug|Any CPU.ActiveCfg = Debug|Any CPU
		{119791D9-1871-42E8-90F1-419D445013D2}.Debug|Any CPU.Build.0 = Debug|Any CPU
		{119791D9-1871-42E8-90F1-419D445013D2}.Release|Any CPU.ActiveCfg = Release|Any CPU
		{119791D9-1871-42E8-90F1-419D445013D2}.Release|Any CPU.Build.0 = Release|Any CPU
	EndGlobalSection
	GlobalSection(SolutionProperties) = preSolution
		HideSolutionNode = FALSE
	EndGlobalSection
	GlobalSection(ExtensibilityGlobals) = postSolution
		SolutionGuid = {C3E41DA7-6F82-4824-BC54-33BB666F5420}
	EndGlobalSection
EndGlobal
